Microsoft Visual Studio Solution File, Format Version 12.00
# Visual Studio 2012
Project("{FAE04EC0-301F-11D3-BF4B-00C04F79EFBC}") = "Fukai Yume", "Fukai Yume.csproj", "{12B295D0-3C1B-4373-AE85-77593660E00E}"
EndProject
Global
	GlobalSection(SolutionConfigurationPlatforms) = preSolution
	Debug|Any CPU = Debug|Any CPU
	ExportDebug|Any CPU = ExportDebug|Any CPU
	ExportRelease|Any CPU = ExportRelease|Any CPU
	EndGlobalSection
	GlobalSection(ProjectConfigurationPlatforms) = postSolution
		{12B295D0-3C1B-4373-AE85-77593660E00E}.Debug|Any CPU.ActiveCfg = Debug|Any CPU
		{12B295D0-3C1B-4373-AE85-77593660E00E}.Debug|Any CPU.Build.0 = Debug|Any CPU
		{12B295D0-3C1B-4373-AE85-77593660E00E}.ExportDebug|Any CPU.ActiveCfg = ExportDebug|Any CPU
		{12B295D0-3C1B-4373-AE85-77593660E00E}.ExportDebug|Any CPU.Build.0 = ExportDebug|Any CPU
		{12B295D0-3C1B-4373-AE85-77593660E00E}.ExportRelease|Any CPU.ActiveCfg = ExportRelease|Any CPU
		{12B295D0-3C1B-4373-AE85-77593660E00E}.ExportRelease|Any CPU.Build.0 = ExportRelease|Any CPU
	EndGlobalSection
EndGlobal
