Microsoft Visual Studio Solution File, Format Version 12.00
# Visual Studio 2012
Project("{FAE04EC0-301F-11D3-BF4B-00C04F79EFBC}") = "Fukai Yume", "Fukai Yume.csproj", "{363F4D6D-E6DB-4BC2-9A80-DB2F99401453}"
EndProject
Global
	GlobalSection(SolutionConfigurationPlatforms) = preSolution
	Debug|Any CPU = Debug|Any CPU
	ExportDebug|Any CPU = ExportDebug|Any CPU
	ExportRelease|Any CPU = ExportRelease|Any CPU
	EndGlobalSection
	GlobalSection(ProjectConfigurationPlatforms) = postSolution
		{363F4D6D-E6DB-4BC2-9A80-DB2F99401453}.Debug|Any CPU.ActiveCfg = Debug|Any CPU
		{363F4D6D-E6DB-4BC2-9A80-DB2F99401453}.Debug|Any CPU.Build.0 = Debug|Any CPU
		{363F4D6D-E6DB-4BC2-9A80-DB2F99401453}.ExportDebug|Any CPU.ActiveCfg = ExportDebug|Any CPU
		{363F4D6D-E6DB-4BC2-9A80-DB2F99401453}.ExportDebug|Any CPU.Build.0 = ExportDebug|Any CPU
		{363F4D6D-E6DB-4BC2-9A80-DB2F99401453}.ExportRelease|Any CPU.ActiveCfg = ExportRelease|Any CPU
		{363F4D6D-E6DB-4BC2-9A80-DB2F99401453}.ExportRelease|Any CPU.Build.0 = ExportRelease|Any CPU
	EndGlobalSection
EndGlobal
